
Microsoft Visual Studio Solution File, Format Version 12.00
# Visual Studio 15
VisualStudioVersion = 15.0.27428.2005
MinimumVisualStudioVersion = 10.0.40219.1
Project("{8BC9CEB8-8B4A-11D0-8D11-00A0C91BC942}") = "Dijkstra’s shortest path algorithm s6", "Dijkstra’s shortest path algorithm s6\Dijkstra’s shortest path algorithm s6.vcxproj", "{4830160F-77EB-4941-8C8B-DCFBBB1F13A2}"
EndProject
Global
	GlobalSection(SolutionConfigurationPlatforms) = preSolution
		Debug|x64 = Debug|x64
		Debug|x86 = Debug|x86
		Release|x64 = Release|x64
		Release|x86 = Release|x86
	EndGlobalSection
	GlobalSection(ProjectConfigurationPlatforms) = postSolution
		{4830160F-77EB-4941-8C8B-DCFBBB1F13A2}.Debug|x64.ActiveCfg = Debug|x64
		{4830160F-77EB-4941-8C8B-DCFBBB1F13A2}.Debug|x64.Build.0 = Debug|x64
		{4830160F-77EB-4941-8C8B-DCFBBB1F13A2}.Debug|x86.ActiveCfg = Debug|Win32
		{4830160F-77EB-4941-8C8B-DCFBBB1F13A2}.Debug|x86.Build.0 = Debug|Win32
		{4830160F-77EB-4941-8C8B-DCFBBB1F13A2}.Release|x64.ActiveCfg = Release|x64
		{4830160F-77EB-4941-8C8B-DCFBBB1F13A2}.Release|x64.Build.0 = Release|x64
		{4830160F-77EB-4941-8C8B-DCFBBB1F13A2}.Release|x86.ActiveCfg = Release|Win32
		{4830160F-77EB-4941-8C8B-DCFBBB1F13A2}.Release|x86.Build.0 = Release|Win32
	EndGlobalSection
	GlobalSection(SolutionProperties) = preSolution
		HideSolutionNode = FALSE
	EndGlobalSection
	GlobalSection(ExtensibilityGlobals) = postSolution
		SolutionGuid = {DC3D4278-C4C5-428E-A30E-647870C8EFDD}
	EndGlobalSection
EndGlobal
